
Microsoft Visual Studio Solution File, Format Version 12.00
# Visual Studio Version 16
VisualStudioVersion = 16.0.31624.102
MinimumVisualStudioVersion = 10.0.40219.1
Project("{FAE04EC0-301F-11D3-BF4B-00C04F79EFBC}") = "AlphaSoftAPI", "AlphaSoftAPI\AlphaSoftAPI.csproj", "{250BD29B-04DE-43F7-8FDD-3FE5871D4394}"
EndProject
Global
	GlobalSection(SolutionConfigurationPlatforms) = preSolution
		Debug|Any CPU = Debug|Any CPU
		Release|Any CPU = Release|Any CPU
	EndGlobalSection
	GlobalSection(ProjectConfigurationPlatforms) = postSolution
		{250BD29B-04DE-43F7-8FDD-3FE5871D4394}.Debug|Any CPU.ActiveCfg = Debug|Any CPU
		{250BD29B-04DE-43F7-8FDD-3FE5871D4394}.Debug|Any CPU.Build.0 = Debug|Any CPU
		{250BD29B-04DE-43F7-8FDD-3FE5871D4394}.Release|Any CPU.ActiveCfg = Release|Any CPU
		{250BD29B-04DE-43F7-8FDD-3FE5871D4394}.Release|Any CPU.Build.0 = Release|Any CPU
	EndGlobalSection
	GlobalSection(SolutionProperties) = preSolution
		HideSolutionNode = FALSE
	EndGlobalSection
	GlobalSection(ExtensibilityGlobals) = postSolution
		SolutionGuid = {4F93FC8C-6BAE-489D-9A39-B26AAF26CD49}
	EndGlobalSection
EndGlobal
